Microsoft Visual Studio Solution File, Format Version 12.00
# Visual Studio Version 17
VisualStudioVersion = 17.5.2.0
MinimumVisualStudioVersion = 10.0.40219.1
Project("{2150E333-8FDC-42A3-9474-1A3956D46DE8}") = "runtime", "runtime", "{B9B45A75-0C0F-0D50-E9F8-ABF69D9594D8}"
EndProject
Project("{2150E333-8FDC-42A3-9474-1A3956D46DE8}") = "tests", "tests", "{0AB3BF05-4346-4AA6-1389-037BE0695223}"
EndProject
Project("{2150E333-8FDC-42A3-9474-1A3956D46DE8}") = "tools", "tools", "{07C2787E-EAC7-C090-1BA3-A61EC2A24D84}"
EndProject
Project("{FAE04EC0-301F-11D3-BF4B-00C04F79EFBC}") = "HS2VoiceReplace.Runtime", "runtime\HS2VoiceReplace.Runtime\HS2VoiceReplace.Runtime.csproj", "{F0ED8FA1-CD2E-5DD1-4FF2-33FC793B2F27}"
EndProject
Project("{FAE04EC0-301F-11D3-BF4B-00C04F79EFBC}") = "HS2VoiceReplace.Tests", "tests\HS2VoiceReplace.Tests\HS2VoiceReplace.Tests.csproj", "{33F836BD-9A16-695E-59AB-B85258DD33F5}"
EndProject
Project("{FAE04EC0-301F-11D3-BF4B-00C04F79EFBC}") = "HS2VoiceReplaceGui", "tools\HS2VoiceReplaceGui\HS2VoiceReplaceGui.csproj", "{EFEEA529-AA4E-D874-C425-97B908A9FD68}"
EndProject
Project("{FAE04EC0-301F-11D3-BF4B-00C04F79EFBC}") = "UabAudioClipPatcher", "tools\UabAudioClipPatcher\UabAudioClipPatcher.csproj", "{053202EA-3DC4-7C7B-4C91-7C197EB56266}"
EndProject
Global
	GlobalSection(SolutionConfigurationPlatforms) = preSolution
		Debug|Any CPU = Debug|Any CPU
		Release|Any CPU = Release|Any CPU
	EndGlobalSection
	GlobalSection(ProjectConfigurationPlatforms) = postSolution
		{F0ED8FA1-CD2E-5DD1-4FF2-33FC793B2F27}.Debug|Any CPU.ActiveCfg = Debug|Any CPU
		{F0ED8FA1-CD2E-5DD1-4FF2-33FC793B2F27}.Debug|Any CPU.Build.0 = Debug|Any CPU
		{F0ED8FA1-CD2E-5DD1-4FF2-33FC793B2F27}.Release|Any CPU.ActiveCfg = Release|Any CPU
		{F0ED8FA1-CD2E-5DD1-4FF2-33FC793B2F27}.Release|Any CPU.Build.0 = Release|Any CPU
		{33F836BD-9A16-695E-59AB-B85258DD33F5}.Debug|Any CPU.ActiveCfg = Debug|Any CPU
		{33F836BD-9A16-695E-59AB-B85258DD33F5}.Debug|Any CPU.Build.0 = Debug|Any CPU
		{33F836BD-9A16-695E-59AB-B85258DD33F5}.Release|Any CPU.ActiveCfg = Release|Any CPU
		{33F836BD-9A16-695E-59AB-B85258DD33F5}.Release|Any CPU.Build.0 = Release|Any CPU
		{EFEEA529-AA4E-D874-C425-97B908A9FD68}.Debug|Any CPU.ActiveCfg = Debug|Any CPU
		{EFEEA529-AA4E-D874-C425-97B908A9FD68}.Debug|Any CPU.Build.0 = Debug|Any CPU
		{EFEEA529-AA4E-D874-C425-97B908A9FD68}.Release|Any CPU.ActiveCfg = Release|Any CPU
		{EFEEA529-AA4E-D874-C425-97B908A9FD68}.Release|Any CPU.Build.0 = Release|Any CPU
		{053202EA-3DC4-7C7B-4C91-7C197EB56266}.Debug|Any CPU.ActiveCfg = Debug|Any CPU
		{053202EA-3DC4-7C7B-4C91-7C197EB56266}.Debug|Any CPU.Build.0 = Debug|Any CPU
		{053202EA-3DC4-7C7B-4C91-7C197EB56266}.Release|Any CPU.ActiveCfg = Release|Any CPU
		{053202EA-3DC4-7C7B-4C91-7C197EB56266}.Release|Any CPU.Build.0 = Release|Any CPU
	EndGlobalSection
	GlobalSection(SolutionProperties) = preSolution
		HideSolutionNode = FALSE
	EndGlobalSection
	GlobalSection(NestedProjects) = preSolution
		{F0ED8FA1-CD2E-5DD1-4FF2-33FC793B2F27} = {B9B45A75-0C0F-0D50-E9F8-ABF69D9594D8}
		{33F836BD-9A16-695E-59AB-B85258DD33F5} = {0AB3BF05-4346-4AA6-1389-037BE0695223}
		{EFEEA529-AA4E-D874-C425-97B908A9FD68} = {07C2787E-EAC7-C090-1BA3-A61EC2A24D84}
		{053202EA-3DC4-7C7B-4C91-7C197EB56266} = {07C2787E-EAC7-C090-1BA3-A61EC2A24D84}
	EndGlobalSection
	GlobalSection(ExtensibilityGlobals) = postSolution
		SolutionGuid = {CCDAF4E2-E78C-4E14-81E5-B1B88747BF04}
	EndGlobalSection
EndGlobal
